var nightwatch_config = {
	src_folders:['tests'],
	page_objects_path:['pages'],
	globals_path:'global.js',
	custom_commands_path:[
	  'commands',
	],
	custom_assertions_path:[
	  'assertions',
	],
  
	selenium: {
	  start_process : true,
	  server_path : selenium.path,
	  host: '127.0.0.1',
	  port : 9515,
	  cli_args: {
		'webdriver.chrome.driver': chromedriver.path,
	  },
	},
  
	common_capabilities: {
	  build: 'nightwatchjs',
	  project: 'CD-Nightwatch',
	},
  
	test_workers: false,
  
	test_settings: {
	  default: {
		default_path_prefix: '',
		screenshots: {
		  enabled: true,
		  on_failure: true,
		  on_error: true,
		  path: 'screenshots/local/failures',
		},
		skip_testcases_on_fail: false,
		browserName: 'chrome',
		desiredCapabilities: {
		  chromeOptions: {
			args: [
			  'incognito',
			  'window-size=1366,768',
			],
		  },
		},
	  },
	},
  };var nightwatch_config = {
	src_folders:['tests'],
	page_objects_path:['pages'],
	globals_path:'global.js',
	custom_commands_path:[
	  'commands',
	],
	custom_assertions_path:[
	  'assertions',
	],
  
	selenium: {
	  start_process : true,
	  server_path : selenium.path,
	  host: '127.0.0.1',
	  port : 9515,
	  cli_args: {
		'webdriver.chrome.driver': chromedriver.path,
	  },
	},
  
	common_capabilities: {
	  build: 'nightwatchjs',
	  project: 'CD-Nightwatch',
	},
  
	test_workers: false,
  
	test_settings: {
	  default: {
		default_path_prefix: '',
		screenshots: {
		  enabled: true,
		  on_failure: true,
		  on_error: true,
		  path: 'screenshots/local/failures',
		},
		skip_testcases_on_fail: false,
		browserName: 'chrome',
		desiredCapabilities: {
		  chromeOptions: {
			args: [
			  'incognito',
			  'window-size=1366,768',
			],
		  },
		},
	  },
	},
  };